
Microsoft Visual Studio Solution File, Format Version 12.00
# Visual Studio Version 16
VisualStudioVersion = 16.0.29409.12
MinimumVisualStudioVersion = 10.0.40219.1
Project("{FAE04EC0-301F-11D3-BF4B-00C04F79EFBC}") = "Library", "Library\Library.csproj", "{DD15D2EF-A877-4BEF-AF12-E0FF779BAC36}"
EndProject
Project("{FAE04EC0-301F-11D3-BF4B-00C04F79EFBC}") = "Client.MVC", "Client.MVC\Client.MVC.csproj", "{3C10C703-30AF-42FB-811C-432FE6F12CA0}"
EndProject
Global
	GlobalSection(SolutionConfigurationPlatforms) = preSolution
		Debug|Any CPU = Debug|Any CPU
		Release|Any CPU = Release|Any CPU
	EndGlobalSection
	GlobalSection(ProjectConfigurationPlatforms) = postSolution
		{DD15D2EF-A877-4BEF-AF12-E0FF779BAC36}.Debug|Any CPU.ActiveCfg = Debug|Any CPU
		{DD15D2EF-A877-4BEF-AF12-E0FF779BAC36}.Debug|Any CPU.Build.0 = Debug|Any CPU
		{DD15D2EF-A877-4BEF-AF12-E0FF779BAC36}.Release|Any CPU.ActiveCfg = Release|Any CPU
		{DD15D2EF-A877-4BEF-AF12-E0FF779BAC36}.Release|Any CPU.Build.0 = Release|Any CPU
		{3C10C703-30AF-42FB-811C-432FE6F12CA0}.Debug|Any CPU.ActiveCfg = Debug|Any CPU
		{3C10C703-30AF-42FB-811C-432FE6F12CA0}.Debug|Any CPU.Build.0 = Debug|Any CPU
		{3C10C703-30AF-42FB-811C-432FE6F12CA0}.Release|Any CPU.ActiveCfg = Release|Any CPU
		{3C10C703-30AF-42FB-811C-432FE6F12CA0}.Release|Any CPU.Build.0 = Release|Any CPU
	EndGlobalSection
	GlobalSection(SolutionProperties) = preSolution
		HideSolutionNode = FALSE
	EndGlobalSection
	GlobalSection(ExtensibilityGlobals) = postSolution
		SolutionGuid = {B3254F19-3E3F-4044-AD83-EB65C5F993C2}
	EndGlobalSection
EndGlobal
